
Microsoft Visual Studio Solution File, Format Version 12.00
# Visual Studio Version 17
VisualStudioVersion = 17.5.002.0
MinimumVisualStudioVersion = 10.0.40219.1
Project("{9A19103F-16F7-4668-BE54-9A1E7A4F7556}") = "RemoteEduApp", "RemoteEduApp.csproj", "{9F2765FD-B0FA-4B7D-BA4A-950D4E34F503}"
EndProject
Global
	GlobalSection(SolutionConfigurationPlatforms) = preSolution
		Debug|Any CPU = Debug|Any CPU
		Release|Any CPU = Release|Any CPU
	EndGlobalSection
	GlobalSection(ProjectConfigurationPlatforms) = postSolution
		{9F2765FD-B0FA-4B7D-BA4A-950D4E34F503}.Debug|Any CPU.ActiveCfg = Debug|Any CPU
		{9F2765FD-B0FA-4B7D-BA4A-950D4E34F503}.Debug|Any CPU.Build.0 = Debug|Any CPU
		{9F2765FD-B0FA-4B7D-BA4A-950D4E34F503}.Release|Any CPU.ActiveCfg = Release|Any CPU
		{9F2765FD-B0FA-4B7D-BA4A-950D4E34F503}.Release|Any CPU.Build.0 = Release|Any CPU
	EndGlobalSection
	GlobalSection(SolutionProperties) = preSolution
		HideSolutionNode = FALSE
	EndGlobalSection
	GlobalSection(ExtensibilityGlobals) = postSolution
		SolutionGuid = {F027453C-2105-42F6-8968-234518D91465}
	EndGlobalSection
EndGlobal
